
Microsoft Visual Studio Solution File, Format Version 12.00
# Visual Studio Version 16
VisualStudioVersion = 16.0.29215.179
MinimumVisualStudioVersion = 10.0.40219.1
Project("{FAE04EC0-301F-11D3-BF4B-00C04F79EFBC}") = "Find Birthday", "Find Birthday\Find Birthday.csproj", "{EACFAB29-6384-4422-B9B5-F3F82016C5AF}"
EndProject
Global
	GlobalSection(SolutionConfigurationPlatforms) = preSolution
		Debug|Any CPU = Debug|Any CPU
		Release|Any CPU = Release|Any CPU
	EndGlobalSection
	GlobalSection(ProjectConfigurationPlatforms) = postSolution
		{EACFAB29-6384-4422-B9B5-F3F82016C5AF}.Debug|Any CPU.ActiveCfg = Debug|Any CPU
		{EACFAB29-6384-4422-B9B5-F3F82016C5AF}.Debug|Any CPU.Build.0 = Debug|Any CPU
		{EACFAB29-6384-4422-B9B5-F3F82016C5AF}.Release|Any CPU.ActiveCfg = Release|Any CPU
		{EACFAB29-6384-4422-B9B5-F3F82016C5AF}.Release|Any CPU.Build.0 = Release|Any CPU
	EndGlobalSection
	GlobalSection(SolutionProperties) = preSolution
		HideSolutionNode = FALSE
	EndGlobalSection
	GlobalSection(ExtensibilityGlobals) = postSolution
		SolutionGuid = {E85EEB17-4B09-4359-A7BE-63673CFECC53}
	EndGlobalSection
EndGlobal
