
Microsoft Visual Studio Solution File, Format Version 12.00
# Visual Studio Version 16
VisualStudioVersion = 16.0.29215.179
MinimumVisualStudioVersion = 10.0.40219.1
Project("{FAE04EC0-301F-11D3-BF4B-00C04F79EFBC}") = "Calculator", "Calculator\Calculator.csproj", "{DFB50F20-E73A-4211-9D80-488CCE250610}"
EndProject
Global
	GlobalSection(SolutionConfigurationPlatforms) = preSolution
		Debug|Any CPU = Debug|Any CPU
		Release|Any CPU = Release|Any CPU
	EndGlobalSection
	GlobalSection(ProjectConfigurationPlatforms) = postSolution
		{DFB50F20-E73A-4211-9D80-488CCE250610}.Debug|Any CPU.ActiveCfg = Debug|Any CPU
		{DFB50F20-E73A-4211-9D80-488CCE250610}.Debug|Any CPU.Build.0 = Debug|Any CPU
		{DFB50F20-E73A-4211-9D80-488CCE250610}.Release|Any CPU.ActiveCfg = Release|Any CPU
		{DFB50F20-E73A-4211-9D80-488CCE250610}.Release|Any CPU.Build.0 = Release|Any CPU
	EndGlobalSection
	GlobalSection(SolutionProperties) = preSolution
		HideSolutionNode = FALSE
	EndGlobalSection
	GlobalSection(ExtensibilityGlobals) = postSolution
		SolutionGuid = {6C794EA0-63C9-4302-BB3C-6469F455D2A1}
	EndGlobalSection
EndGlobal
