
Microsoft Visual Studio Solution File, Format Version 12.00
# Visual Studio Version 16
VisualStudioVersion = 16.0.29215.179
MinimumVisualStudioVersion = 10.0.40219.1
Project("{FAE04EC0-301F-11D3-BF4B-00C04F79EFBC}") = "Hello World2", "Hello World2\Hello World2.csproj", "{C4E8CA6B-357A-4035-B6D6-5619FC08AC9B}"
EndProject
Global
	GlobalSection(SolutionConfigurationPlatforms) = preSolution
		Debug|Any CPU = Debug|Any CPU
		Release|Any CPU = Release|Any CPU
	EndGlobalSection
	GlobalSection(ProjectConfigurationPlatforms) = postSolution
		{C4E8CA6B-357A-4035-B6D6-5619FC08AC9B}.Debug|Any CPU.ActiveCfg = Debug|Any CPU
		{C4E8CA6B-357A-4035-B6D6-5619FC08AC9B}.Debug|Any CPU.Build.0 = Debug|Any CPU
		{C4E8CA6B-357A-4035-B6D6-5619FC08AC9B}.Release|Any CPU.ActiveCfg = Release|Any CPU
		{C4E8CA6B-357A-4035-B6D6-5619FC08AC9B}.Release|Any CPU.Build.0 = Release|Any CPU
	EndGlobalSection
	GlobalSection(SolutionProperties) = preSolution
		HideSolutionNode = FALSE
	EndGlobalSection
	GlobalSection(ExtensibilityGlobals) = postSolution
		SolutionGuid = {D24D75AD-ACF9-4DC2-BB95-7194E06A38C7}
	EndGlobalSection
EndGlobal
