
Microsoft Visual Studio Solution File, Format Version 12.00
# Visual Studio Version 16
VisualStudioVersion = 16.0.29215.179
MinimumVisualStudioVersion = 10.0.40219.1
Project("{FAE04EC0-301F-11D3-BF4B-00C04F79EFBC}") = "Beepers", "Beepers\Beepers.csproj", "{2A696DAC-B7E0-472F-835A-8B2844E76B5C}"
EndProject
Global
	GlobalSection(SolutionConfigurationPlatforms) = preSolution
		Debug|Any CPU = Debug|Any CPU
		Release|Any CPU = Release|Any CPU
	EndGlobalSection
	GlobalSection(ProjectConfigurationPlatforms) = postSolution
		{2A696DAC-B7E0-472F-835A-8B2844E76B5C}.Debug|Any CPU.ActiveCfg = Debug|Any CPU
		{2A696DAC-B7E0-472F-835A-8B2844E76B5C}.Debug|Any CPU.Build.0 = Debug|Any CPU
		{2A696DAC-B7E0-472F-835A-8B2844E76B5C}.Release|Any CPU.ActiveCfg = Release|Any CPU
		{2A696DAC-B7E0-472F-835A-8B2844E76B5C}.Release|Any CPU.Build.0 = Release|Any CPU
	EndGlobalSection
	GlobalSection(SolutionProperties) = preSolution
		HideSolutionNode = FALSE
	EndGlobalSection
	GlobalSection(ExtensibilityGlobals) = postSolution
		SolutionGuid = {7C09ADA4-2115-4F96-8BD4-F767E80F1891}
	EndGlobalSection
EndGlobal
